
Microsoft Visual Studio Solution File, Format Version 12.00
# Visual Studio 15
VisualStudioVersion = 15.0.27130.2010
MinimumVisualStudioVersion = 10.0.40219.1
Project("{FAE04EC0-301F-11D3-BF4B-00C04F79EFBC}") = "base安装器", "base安装器\base安装器.csproj", "{F65F9710-F6D1-460F-9B2F-1DB8F3DE15BF}"
EndProject
Global
	GlobalSection(SolutionConfigurationPlatforms) = preSolution
		Debug|Any CPU = Debug|Any CPU
		Release|Any CPU = Release|Any CPU
	EndGlobalSection
	GlobalSection(ProjectConfigurationPlatforms) = postSolution
		{F65F9710-F6D1-460F-9B2F-1DB8F3DE15BF}.Debug|Any CPU.ActiveCfg = Debug|Any CPU
		{F65F9710-F6D1-460F-9B2F-1DB8F3DE15BF}.Debug|Any CPU.Build.0 = Debug|Any CPU
		{F65F9710-F6D1-460F-9B2F-1DB8F3DE15BF}.Release|Any CPU.ActiveCfg = Release|Any CPU
		{F65F9710-F6D1-460F-9B2F-1DB8F3DE15BF}.Release|Any CPU.Build.0 = Release|Any CPU
	EndGlobalSection
	GlobalSection(SolutionProperties) = preSolution
		HideSolutionNode = FALSE
	EndGlobalSection
	GlobalSection(ExtensibilityGlobals) = postSolution
		SolutionGuid = {73A69AE2-0FE4-4A72-A7BD-4FA67A02639D}
	EndGlobalSection
EndGlobal
